
Microsoft Visual Studio Solution File, Format Version 12.00
# Visual Studio Version 17
VisualStudioVersion = 17.2.32616.157
MinimumVisualStudioVersion = 10.0.40219.1
Project("{FAE04EC0-301F-11D3-BF4B-00C04F79EFBC}") = "ServicioWeb", "ServicioWeb\ServicioWeb.csproj", "{E8A027EA-A9B9-4500-8414-3F00DEA67351}"
EndProject
Global
	GlobalSection(SolutionConfigurationPlatforms) = preSolution
		Debug|Any CPU = Debug|Any CPU
		Release|Any CPU = Release|Any CPU
	EndGlobalSection
	GlobalSection(ProjectConfigurationPlatforms) = postSolution
		{E8A027EA-A9B9-4500-8414-3F00DEA67351}.Debug|Any CPU.ActiveCfg = Debug|Any CPU
		{E8A027EA-A9B9-4500-8414-3F00DEA67351}.Debug|Any CPU.Build.0 = Debug|Any CPU
		{E8A027EA-A9B9-4500-8414-3F00DEA67351}.Release|Any CPU.ActiveCfg = Release|Any CPU
		{E8A027EA-A9B9-4500-8414-3F00DEA67351}.Release|Any CPU.Build.0 = Release|Any CPU
	EndGlobalSection
	GlobalSection(SolutionProperties) = preSolution
		HideSolutionNode = FALSE
	EndGlobalSection
	GlobalSection(ExtensibilityGlobals) = postSolution
		SolutionGuid = {6B6599E6-C1D8-4A26-BDBF-E02906061A6B}
	EndGlobalSection
EndGlobal
